
Microsoft Visual Studio Solution File, Format Version 12.00
# Visual Studio Version 17
VisualStudioVersion = 17.5.33516.290
MinimumVisualStudioVersion = 10.0.40219.1
Project("{FAE04EC0-301F-11D3-BF4B-00C04F79EFBC}") = "TravelExperts", "TravelExperts.csproj", "{396A2A81-4711-48C3-8446-1025DE6D66B4}"
EndProject
Project("{FAE04EC0-301F-11D3-BF4B-00C04F79EFBC}") = "TravelExpertsData", "..\TravelExpertsData\TravelExpertsData.csproj", "{E1F70744-6CF0-4F3F-AC92-DA045C78C5D1}"
EndProject
Global
	GlobalSection(SolutionConfigurationPlatforms) = preSolution
		Debug|Any CPU = Debug|Any CPU
		Release|Any CPU = Release|Any CPU
	EndGlobalSection
	GlobalSection(ProjectConfigurationPlatforms) = postSolution
		{396A2A81-4711-48C3-8446-1025DE6D66B4}.Debug|Any CPU.ActiveCfg = Debug|Any CPU
		{396A2A81-4711-48C3-8446-1025DE6D66B4}.Debug|Any CPU.Build.0 = Debug|Any CPU
		{396A2A81-4711-48C3-8446-1025DE6D66B4}.Release|Any CPU.ActiveCfg = Release|Any CPU
		{396A2A81-4711-48C3-8446-1025DE6D66B4}.Release|Any CPU.Build.0 = Release|Any CPU
		{E1F70744-6CF0-4F3F-AC92-DA045C78C5D1}.Debug|Any CPU.ActiveCfg = Debug|Any CPU
		{E1F70744-6CF0-4F3F-AC92-DA045C78C5D1}.Debug|Any CPU.Build.0 = Debug|Any CPU
		{E1F70744-6CF0-4F3F-AC92-DA045C78C5D1}.Release|Any CPU.ActiveCfg = Release|Any CPU
		{E1F70744-6CF0-4F3F-AC92-DA045C78C5D1}.Release|Any CPU.Build.0 = Release|Any CPU
	EndGlobalSection
	GlobalSection(SolutionProperties) = preSolution
		HideSolutionNode = FALSE
	EndGlobalSection
	GlobalSection(ExtensibilityGlobals) = postSolution
		SolutionGuid = {642C3E1B-C7D9-4030-A513-C8E83406BE0B}
	EndGlobalSection
EndGlobal
